Microsoft Visual Studio Solution File, Format Version 12.00
# Visual Studio Version 17
VisualStudioVersion = 17.5.2.0
MinimumVisualStudioVersion = 10.0.40219.1
Project("{2150E333-8FDC-42A3-9474-1A3956D46DE8}") = "modules", "modules", "{CA253913-39DE-BFD0-C9A3-4B7EC6FBDF17}"
EndProject
Project("{2150E333-8FDC-42A3-9474-1A3956D46DE8}") = "script_runner", "script_runner", "{EAC010DD-EE2C-2C86-3427-5928B42DD02C}"
EndProject
Project("{2150E333-8FDC-42A3-9474-1A3956D46DE8}") = "automation_scripts", "automation_scripts", "{08F22972-9F60-E4D8-8830-01C077D2FAD3}"
EndProject
Project("{2150E333-8FDC-42A3-9474-1A3956D46DE8}") = "error-report", "error-report", "{94638811-D69D-8886-1565-F414D1DB8338}"
EndProject
Project("{2150E333-8FDC-42A3-9474-1A3956D46DE8}") = "csharp", "csharp", "{48637EC3-10E9-C5B7-0E08-25D4ED393E1D}"
EndProject
Project("{FAE04EC0-301F-11D3-BF4B-00C04F79EFBC}") = "Script", "modules\script_runner\automation_scripts\error-report\csharp\Script.csproj", "{B2E0696F-B9C1-3D14-AC47-2C162ED741F6}"
EndProject
Project("{2150E333-8FDC-42A3-9474-1A3956D46DE8}") = "execution-report", "execution-report", "{5E322D3B-D008-E80B-7360-712F6F15D267}"
EndProject
Project("{2150E333-8FDC-42A3-9474-1A3956D46DE8}") = "csharp", "csharp", "{218AE2E4-2791-552B-AA07-AD20A737EB95}"
EndProject
Project("{FAE04EC0-301F-11D3-BF4B-00C04F79EFBC}") = "Script", "modules\script_runner\automation_scripts\execution-report\csharp\Script.csproj", "{DFDFA770-64E2-35AD-99F6-E7B60DD3C06B}"
EndProject
Project("{2150E333-8FDC-42A3-9474-1A3956D46DE8}") = "dashboard-summary", "dashboard-summary", "{63FE2422-FB52-DD7E-F018-1EEDA15FFC45}"
EndProject
Project("{2150E333-8FDC-42A3-9474-1A3956D46DE8}") = "csharp", "csharp", "{3D1BD956-7C12-D430-8AD0-0AAC94C42E6F}"
EndProject
Project("{FAE04EC0-301F-11D3-BF4B-00C04F79EFBC}") = "Script", "modules\script_runner\automation_scripts\dashboard-summary\csharp\Script.csproj", "{06D27C5C-E711-2A7B-5A38-FB0A1C85D3BF}"
EndProject
Project("{2150E333-8FDC-42A3-9474-1A3956D46DE8}") = "backup-runner", "backup-runner", "{9A31661F-03F8-D4EB-82EE-53F5E6DDB22D}"
EndProject
Project("{2150E333-8FDC-42A3-9474-1A3956D46DE8}") = "csharp", "csharp", "{6C959E95-6755-587C-B5F5-CFA03B6ECB50}"
EndProject
Project("{FAE04EC0-301F-11D3-BF4B-00C04F79EFBC}") = "Script", "modules\script_runner\automation_scripts\backup-runner\csharp\Script.csproj", "{4E3FD885-F713-87F5-8209-7DFF9E94FD52}"
EndProject
Project("{2150E333-8FDC-42A3-9474-1A3956D46DE8}") = "download-sorter", "download-sorter", "{7F33310C-D4C5-3502-81C6-F7D0BB03DF3E}"
EndProject
Project("{2150E333-8FDC-42A3-9474-1A3956D46DE8}") = "csharp", "csharp", "{8A743C23-2749-FD33-858F-9940265957B6}"
EndProject
Project("{FAE04EC0-301F-11D3-BF4B-00C04F79EFBC}") = "Script", "modules\script_runner\automation_scripts\download-sorter\csharp\Script.csproj", "{CBF4FF40-E5F5-09F6-D61D-69678343B9F0}"
EndProject
Project("{2150E333-8FDC-42A3-9474-1A3956D46DE8}") = "backup-query", "backup-query", "{C65A8CFD-1D0B-82B0-F8A8-B413BD88AF84}"
EndProject
Project("{2150E333-8FDC-42A3-9474-1A3956D46DE8}") = "csharp", "csharp", "{6366FAA3-CEA6-3CD7-412F-D053534D204D}"
EndProject
Project("{FAE04EC0-301F-11D3-BF4B-00C04F79EFBC}") = "Script", "modules\script_runner\automation_scripts\backup-query\csharp\Script.csproj", "{47336F66-9153-21B2-FF4F-F8EE4DD04CEB}"
EndProject
Project("{2150E333-8FDC-42A3-9474-1A3956D46DE8}") = "invoice-scanner", "invoice-scanner", "{EDA34F5C-2D04-AEAB-93F6-F6E4FD006CED}"
EndProject
Project("{2150E333-8FDC-42A3-9474-1A3956D46DE8}") = "csharp", "csharp", "{DA0E4B49-1569-4BDA-310E-826D6DEBB13F}"
EndProject
Project("{FAE04EC0-301F-11D3-BF4B-00C04F79EFBC}") = "Script", "modules\script_runner\automation_scripts\invoice-scanner\csharp\Script.csproj", "{10F1FC45-B8C1-F874-FEAE-47A254C5E802}"
EndProject
Project("{2150E333-8FDC-42A3-9474-1A3956D46DE8}") = "invoice-query", "invoice-query", "{CB7357E3-46E6-724D-619E-C2FC49436627}"
EndProject
Project("{2150E333-8FDC-42A3-9474-1A3956D46DE8}") = "csharp", "csharp", "{86510745-7EC1-4C30-5949-8A65ADB28FCF}"
EndProject
Project("{FAE04EC0-301F-11D3-BF4B-00C04F79EFBC}") = "Script", "modules\script_runner\automation_scripts\invoice-query\csharp\Script.csproj", "{71A2CE52-2179-EAB2-5C4B-6210FEDC71DB}"
EndProject
Global
	GlobalSection(SolutionConfigurationPlatforms) = preSolution
		Debug|Any CPU = Debug|Any CPU
		Release|Any CPU = Release|Any CPU
	EndGlobalSection
	GlobalSection(ProjectConfigurationPlatforms) = postSolution
		{B2E0696F-B9C1-3D14-AC47-2C162ED741F6}.Debug|Any CPU.ActiveCfg = Debug|Any CPU
		{B2E0696F-B9C1-3D14-AC47-2C162ED741F6}.Debug|Any CPU.Build.0 = Debug|Any CPU
		{B2E0696F-B9C1-3D14-AC47-2C162ED741F6}.Release|Any CPU.ActiveCfg = Release|Any CPU
		{B2E0696F-B9C1-3D14-AC47-2C162ED741F6}.Release|Any CPU.Build.0 = Release|Any CPU
		{DFDFA770-64E2-35AD-99F6-E7B60DD3C06B}.Debug|Any CPU.ActiveCfg = Debug|Any CPU
		{DFDFA770-64E2-35AD-99F6-E7B60DD3C06B}.Debug|Any CPU.Build.0 = Debug|Any CPU
		{DFDFA770-64E2-35AD-99F6-E7B60DD3C06B}.Release|Any CPU.ActiveCfg = Release|Any CPU
		{DFDFA770-64E2-35AD-99F6-E7B60DD3C06B}.Release|Any CPU.Build.0 = Release|Any CPU
		{06D27C5C-E711-2A7B-5A38-FB0A1C85D3BF}.Debug|Any CPU.ActiveCfg = Debug|Any CPU
		{06D27C5C-E711-2A7B-5A38-FB0A1C85D3BF}.Debug|Any CPU.Build.0 = Debug|Any CPU
		{06D27C5C-E711-2A7B-5A38-FB0A1C85D3BF}.Release|Any CPU.ActiveCfg = Release|Any CPU
		{06D27C5C-E711-2A7B-5A38-FB0A1C85D3BF}.Release|Any CPU.Build.0 = Release|Any CPU
		{4E3FD885-F713-87F5-8209-7DFF9E94FD52}.Debug|Any CPU.ActiveCfg = Debug|Any CPU
		{4E3FD885-F713-87F5-8209-7DFF9E94FD52}.Debug|Any CPU.Build.0 = Debug|Any CPU
		{4E3FD885-F713-87F5-8209-7DFF9E94FD52}.Release|Any CPU.ActiveCfg = Release|Any CPU
		{4E3FD885-F713-87F5-8209-7DFF9E94FD52}.Release|Any CPU.Build.0 = Release|Any CPU
		{CBF4FF40-E5F5-09F6-D61D-69678343B9F0}.Debug|Any CPU.ActiveCfg = Debug|Any CPU
		{CBF4FF40-E5F5-09F6-D61D-69678343B9F0}.Debug|Any CPU.Build.0 = Debug|Any CPU
		{CBF4FF40-E5F5-09F6-D61D-69678343B9F0}.Release|Any CPU.ActiveCfg = Release|Any CPU
		{CBF4FF40-E5F5-09F6-D61D-69678343B9F0}.Release|Any CPU.Build.0 = Release|Any CPU
		{47336F66-9153-21B2-FF4F-F8EE4DD04CEB}.Debug|Any CPU.ActiveCfg = Debug|Any CPU
		{47336F66-9153-21B2-FF4F-F8EE4DD04CEB}.Debug|Any CPU.Build.0 = Debug|Any CPU
		{47336F66-9153-21B2-FF4F-F8EE4DD04CEB}.Release|Any CPU.ActiveCfg = Release|Any CPU
		{47336F66-9153-21B2-FF4F-F8EE4DD04CEB}.Release|Any CPU.Build.0 = Release|Any CPU
		{10F1FC45-B8C1-F874-FEAE-47A254C5E802}.Debug|Any CPU.ActiveCfg = Debug|Any CPU
		{10F1FC45-B8C1-F874-FEAE-47A254C5E802}.Debug|Any CPU.Build.0 = Debug|Any CPU
		{10F1FC45-B8C1-F874-FEAE-47A254C5E802}.Release|Any CPU.ActiveCfg = Release|Any CPU
		{10F1FC45-B8C1-F874-FEAE-47A254C5E802}.Release|Any CPU.Build.0 = Release|Any CPU
		{71A2CE52-2179-EAB2-5C4B-6210FEDC71DB}.Debug|Any CPU.ActiveCfg = Debug|Any CPU
		{71A2CE52-2179-EAB2-5C4B-6210FEDC71DB}.Debug|Any CPU.Build.0 = Debug|Any CPU
		{71A2CE52-2179-EAB2-5C4B-6210FEDC71DB}.Release|Any CPU.ActiveCfg = Release|Any CPU
		{71A2CE52-2179-EAB2-5C4B-6210FEDC71DB}.Release|Any CPU.Build.0 = Release|Any CPU
	EndGlobalSection
	GlobalSection(SolutionProperties) = preSolution
		HideSolutionNode = FALSE
	EndGlobalSection
	GlobalSection(NestedProjects) = preSolution
		{EAC010DD-EE2C-2C86-3427-5928B42DD02C} = {CA253913-39DE-BFD0-C9A3-4B7EC6FBDF17}
		{08F22972-9F60-E4D8-8830-01C077D2FAD3} = {EAC010DD-EE2C-2C86-3427-5928B42DD02C}
		{94638811-D69D-8886-1565-F414D1DB8338} = {08F22972-9F60-E4D8-8830-01C077D2FAD3}
		{48637EC3-10E9-C5B7-0E08-25D4ED393E1D} = {94638811-D69D-8886-1565-F414D1DB8338}
		{B2E0696F-B9C1-3D14-AC47-2C162ED741F6} = {48637EC3-10E9-C5B7-0E08-25D4ED393E1D}
		{5E322D3B-D008-E80B-7360-712F6F15D267} = {08F22972-9F60-E4D8-8830-01C077D2FAD3}
		{218AE2E4-2791-552B-AA07-AD20A737EB95} = {5E322D3B-D008-E80B-7360-712F6F15D267}
		{DFDFA770-64E2-35AD-99F6-E7B60DD3C06B} = {218AE2E4-2791-552B-AA07-AD20A737EB95}
		{63FE2422-FB52-DD7E-F018-1EEDA15FFC45} = {08F22972-9F60-E4D8-8830-01C077D2FAD3}
		{3D1BD956-7C12-D430-8AD0-0AAC94C42E6F} = {63FE2422-FB52-DD7E-F018-1EEDA15FFC45}
		{06D27C5C-E711-2A7B-5A38-FB0A1C85D3BF} = {3D1BD956-7C12-D430-8AD0-0AAC94C42E6F}
		{9A31661F-03F8-D4EB-82EE-53F5E6DDB22D} = {08F22972-9F60-E4D8-8830-01C077D2FAD3}
		{6C959E95-6755-587C-B5F5-CFA03B6ECB50} = {9A31661F-03F8-D4EB-82EE-53F5E6DDB22D}
		{4E3FD885-F713-87F5-8209-7DFF9E94FD52} = {6C959E95-6755-587C-B5F5-CFA03B6ECB50}
		{7F33310C-D4C5-3502-81C6-F7D0BB03DF3E} = {08F22972-9F60-E4D8-8830-01C077D2FAD3}
		{8A743C23-2749-FD33-858F-9940265957B6} = {7F33310C-D4C5-3502-81C6-F7D0BB03DF3E}
		{CBF4FF40-E5F5-09F6-D61D-69678343B9F0} = {8A743C23-2749-FD33-858F-9940265957B6}
		{C65A8CFD-1D0B-82B0-F8A8-B413BD88AF84} = {08F22972-9F60-E4D8-8830-01C077D2FAD3}
		{6366FAA3-CEA6-3CD7-412F-D053534D204D} = {C65A8CFD-1D0B-82B0-F8A8-B413BD88AF84}
		{47336F66-9153-21B2-FF4F-F8EE4DD04CEB} = {6366FAA3-CEA6-3CD7-412F-D053534D204D}
		{EDA34F5C-2D04-AEAB-93F6-F6E4FD006CED} = {08F22972-9F60-E4D8-8830-01C077D2FAD3}
		{DA0E4B49-1569-4BDA-310E-826D6DEBB13F} = {EDA34F5C-2D04-AEAB-93F6-F6E4FD006CED}
		{10F1FC45-B8C1-F874-FEAE-47A254C5E802} = {DA0E4B49-1569-4BDA-310E-826D6DEBB13F}
		{CB7357E3-46E6-724D-619E-C2FC49436627} = {08F22972-9F60-E4D8-8830-01C077D2FAD3}
		{86510745-7EC1-4C30-5949-8A65ADB28FCF} = {CB7357E3-46E6-724D-619E-C2FC49436627}
		{71A2CE52-2179-EAB2-5C4B-6210FEDC71DB} = {86510745-7EC1-4C30-5949-8A65ADB28FCF}
	EndGlobalSection
	GlobalSection(ExtensibilityGlobals) = postSolution
		SolutionGuid = {2349C8FD-D57E-4AD0-8043-694A783F4F9D}
	EndGlobalSection
EndGlobal
